
Microsoft Visual Studio Solution File, Format Version 12.00
# Visual Studio Version 17
VisualStudioVersion = 17.8.34330.188
MinimumVisualStudioVersion = 10.0.40219.1
Project("{FAE04EC0-301F-11D3-BF4B-00C04F79EFBC}") = "AutonomousTaxiService", "AutonomousTaxiService\AutonomousTaxiService.csproj", "{0A47FE47-5DF8-4C08-8A78-C92811175C6A}"
EndProject
Global
	GlobalSection(SolutionConfigurationPlatforms) = preSolution
		Debug|Any CPU = Debug|Any CPU
		Release|Any CPU = Release|Any CPU
	EndGlobalSection
	GlobalSection(ProjectConfigurationPlatforms) = postSolution
		{0A47FE47-5DF8-4C08-8A78-C92811175C6A}.Debug|Any CPU.ActiveCfg = Debug|Any CPU
		{0A47FE47-5DF8-4C08-8A78-C92811175C6A}.Debug|Any CPU.Build.0 = Debug|Any CPU
		{0A47FE47-5DF8-4C08-8A78-C92811175C6A}.Release|Any CPU.ActiveCfg = Release|Any CPU
		{0A47FE47-5DF8-4C08-8A78-C92811175C6A}.Release|Any CPU.Build.0 = Release|Any CPU
	EndGlobalSection
	GlobalSection(SolutionProperties) = preSolution
		HideSolutionNode = FALSE
	EndGlobalSection
	GlobalSection(ExtensibilityGlobals) = postSolution
		SolutionGuid = {46D738C5-9B56-45A1-A604-C818CFE16B7B}
	EndGlobalSection
EndGlobal
